// !$*UTF8*$!
{
	archiveVersion = 1;
	classes = {
	};
	objectVersion = 46;
	objects = {

/* Begin PBXBuildFile section */
		31401B9F1CED88DE00581303 /* AppDelegate.swift in Sources */ = {isa = PBXBuildFile; fileRef = 31401B9E1CED88DE00581303 /* AppDelegate.swift */; };
		31401BA11CED88DE00581303 /* MainViewController.swift in Sources */ = {isa = PBXBuildFile; fileRef = 31401BA01CED88DE00581303 /* MainViewController.swift */; };
		31401BA61CED88DE00581303 /* Assets.xcassets in Resources */ = {isa = PBXBuildFile; fileRef = 31401BA51CED88DE00581303 /* Assets.xcassets */; };
		31401BA91CED88DE00581303 /* LaunchScreen.storyboard in Resources */ = {isa = PBXBuildFile; fileRef = 31401BA71CED88DE00581303 /* LaunchScreen.storyboard */; };
		31401BB41CED8C0800581303 /* Words.swift in Sources */ = {isa = PBXBuildFile; fileRef = 31401BB31CED8C0800581303 /* Words.swift */; };
		31401BB61CED981500581303 /* DetailViewController.swift in Sources */ = {isa = PBXBuildFile; fileRef = 31401BB51CED981500581303 /* DetailViewController.swift */; };
		31401BBC1CED9C1B00581303 /* DimmingPresentationController.swift in Sources */ = {isa = PBXBuildFile; fileRef = 31401BB81CED9C1B00581303 /* DimmingPresentationController.swift */; };
		31401BBD1CED9C1B00581303 /* BounceAnimationController.swift in Sources */ = {isa = PBXBuildFile; fileRef = 31401BB91CED9C1B00581303 /* BounceAnimationController.swift */; };
		31401BBE1CED9C1B00581303 /* FadeOutAnimationController.swift in Sources */ = {isa = PBXBuildFile; fileRef = 31401BBA1CED9C1B00581303 /* FadeOutAnimationController.swift */; };
		31401BBF1CED9C1B00581303 /* SildeOutAnimationController.swift in Sources */ = {isa = PBXBuildFile; fileRef = 31401BBB1CED9C1B00581303 /* SildeOutAnimationController.swift */; };
		31401BC11CED9C4400581303 /* Global.swift in Sources */ = {isa = PBXBuildFile; fileRef = 31401BC01CED9C4400581303 /* Global.swift */; };
		31401BC41CED9E6900581303 /* UIColor+.swift in Sources */ = {isa = PBXBuildFile; fileRef = 31401BC31CED9E6900581303 /* UIColor+.swift */; };
		31401BC61CEDA87100581303 /* ColorfulWords.swift in Sources */ = {isa = PBXBuildFile; fileRef = 31401BC51CEDA87100581303 /* ColorfulWords.swift */; };
		3187887D1CF14184007CDC40 /* Enum_A.swift in Sources */ = {isa = PBXBuildFile; fileRef = 3187887C1CF14184007CDC40 /* Enum_A.swift */; };
		3187887F1CF14503007CDC40 /* Enum_B.swift in Sources */ = {isa = PBXBuildFile; fileRef = 3187887E1CF14503007CDC40 /* Enum_B.swift */; };
		318788811CF14526007CDC40 /* Enum_C.swift in Sources */ = {isa = PBXBuildFile; fileRef = 318788801CF14526007CDC40 /* Enum_C.swift */; };
		318788831CF14545007CDC40 /* Enum_D.swift in Sources */ = {isa = PBXBuildFile; fileRef = 318788821CF14545007CDC40 /* Enum_D.swift */; };
		318788851CF14551007CDC40 /* Enum_E.swift in Sources */ = {isa = PBXBuildFile; fileRef = 318788841CF14551007CDC40 /* Enum_E.swift */; };
		318788871CF1455D007CDC40 /* Enum_F.swift in Sources */ = {isa = PBXBuildFile; fileRef = 318788861CF1455D007CDC40 /* Enum_F.swift */; };
		318788891CF14567007CDC40 /* Enum_G.swift in Sources */ = {isa = PBXBuildFile; fileRef = 318788881CF14567007CDC40 /* Enum_G.swift */; };
		3187888B1CF14571007CDC40 /* Enum_H.swift in Sources */ = {isa = PBXBuildFile; fileRef = 3187888A1CF14571007CDC40 /* Enum_H.swift */; };
		3187888D1CF1457D007CDC40 /* Enum_I.swift in Sources */ = {isa = PBXBuildFile; fileRef = 3187888C1CF1457D007CDC40 /* Enum_I.swift */; };
		3187888F1CF14588007CDC40 /* Enum_J.swift in Sources */ = {isa = PBXBuildFile; fileRef = 3187888E1CF14588007CDC40 /* Enum_J.swift */; };
		318788911CF14592007CDC40 /* Enum_K.swift in Sources */ = {isa = PBXBuildFile; fileRef = 318788901CF14592007CDC40 /* Enum_K.swift */; };
		318788931CF1459D007CDC40 /* Enum_L.swift in Sources */ = {isa = PBXBuildFile; fileRef = 318788921CF1459D007CDC40 /* Enum_L.swift */; };
		318788951CF145A8007CDC40 /* Enum_M.swift in Sources */ = {isa = PBXBuildFile; fileRef = 318788941CF145A8007CDC40 /* Enum_M.swift */; };
		318788971CF145B2007CDC40 /* Enum_N.swift in Sources */ = {isa = PBXBuildFile; fileRef = 318788961CF145B2007CDC40 /* Enum_N.swift */; };
		318788991CF145BB007CDC40 /* Enum_O.swift in Sources */ = {isa = PBXBuildFile; fileRef = 318788981CF145BB007CDC40 /* Enum_O.swift */; };
		3187889B1CF145C5007CDC40 /* Enum_P.swift in Sources */ = {isa = PBXBuildFile; fileRef = 3187889A1CF145C5007CDC40 /* Enum_P.swift */; };
		3187889D1CF145CE007CDC40 /* Enum_Q.swift in Sources */ = {isa = PBXBuildFile; fileRef = 3187889C1CF145CE007CDC40 /* Enum_Q.swift */; };
		3187889F1CF145D8007CDC40 /* Enum_R.swift in Sources */ = {isa = PBXBuildFile; fileRef = 3187889E1CF145D8007CDC40 /* Enum_R.swift */; };
		318788A11CF145DE007CDC40 /* Enum_S.swift in Sources */ = {isa = PBXBuildFile; fileRef = 318788A01CF145DE007CDC40 /* Enum_S.swift */; };
		318788A31CF145F3007CDC40 /* Enum_T.swift in Sources */ = {isa = PBXBuildFile; fileRef = 318788A21CF145F3007CDC40 /* Enum_T.swift */; };
		318788A51CF14603007CDC40 /* Enum_U.swift in Sources */ = {isa = PBXBuildFile; fileRef = 318788A41CF14603007CDC40 /* Enum_U.swift */; };
		318788A71CF1460B007CDC40 /* Enum_V.swift in Sources */ = {isa = PBXBuildFile; fileRef = 318788A61CF1460B007CDC40 /* Enum_V.swift */; };
		318788A91CF14613007CDC40 /* Enum_W.swift in Sources */ = {isa = PBXBuildFile; fileRef = 318788A81CF14613007CDC40 /* Enum_W.swift */; };
		318788AB1CF14631007CDC40 /* Enum_X.swift in Sources */ = {isa = PBXBuildFile; fileRef = 318788AA1CF14631007CDC40 /* Enum_X.swift */; };
		318788AD1CF14644007CDC40 /* Enum_Y.swift in Sources */ = {isa = PBXBuildFile; fileRef = 318788AC1CF14644007CDC40 /* Enum_Y.swift */; };
		318788AF1CF14653007CDC40 /* Enum_Z.swift in Sources */ = {isa = PBXBuildFile; fileRef = 318788AE1CF14653007CDC40 /* Enum_Z.swift */; };
		318788B11CF176B7007CDC40 /* String+.swift in Sources */ = {isa = PBXBuildFile; fileRef = 318788B01CF176B7007CDC40 /* String+.swift */; };
		31C6CB7A1CEEDC3300A9DE2B /* Menlo.ttc in Resources */ = {isa = PBXBuildFile; fileRef = 31C6CB791CEEDC3300A9DE2B /* Menlo.ttc */; };
		31C6CB7C1CEEDD4600A9DE2B /* UIFont+.swift in Sources */ = {isa = PBXBuildFile; fileRef = 31C6CB7B1CEEDD4600A9DE2B /* UIFont+.swift */; };
		31C6CB7E1CEEE23200A9DE2B /* NavigationController.swift in Sources */ = {isa = PBXBuildFile; fileRef = 31C6CB7D1CEEE23200A9DE2B /* NavigationController.swift */; };
		31C6CB801CEEED5A00A9DE2B /* XYScrollView.swift in Sources */ = {isa = PBXBuildFile; fileRef = 31C6CB7F1CEEED5A00A9DE2B /* XYScrollView.swift */; };
		31C6CB821CEEED9000A9DE2B /* DetailView.swift in Sources */ = {isa = PBXBuildFile; fileRef = 31C6CB811CEEED9000A9DE2B /* DetailView.swift */; };
		31C6CB841CEEFC3D00A9DE2B /* PointerView.swift in Sources */ = {isa = PBXBuildFile; fileRef = 31C6CB831CEEFC3D00A9DE2B /* PointerView.swift */; };
/* End PBXBuildFile section */

/* Begin PBXFileReference section */
		31401B9B1CED88DD00581303 /* S0.app */ = {isa = PBXFileReference; explicitFileType = wrapper.application; includeInIndex = 0; path = S0.app; sourceTree = BUILT_PRODUCTS_DIR; };
		31401B9E1CED88DE00581303 /* AppDelegate.swift */ = {isa = PBXFileReference; lastKnownFileType = sourcecode.swift; path = AppDelegate.swift; sourceTree = "<group>"; };
		31401BA01CED88DE00581303 /* MainViewController.swift */ = {isa = PBXFileReference; lastKnownFileType = sourcecode.swift; path = MainViewController.swift; sourceTree = "<group>"; };
		31401BA51CED88DE00581303 /* Assets.xcassets */ = {isa = PBXFileReference; lastKnownFileType = folder.assetcatalog; path = Assets.xcassets; sourceTree = "<group>"; };
		31401BA81CED88DE00581303 /* Base */ = {isa = PBXFileReference; lastKnownFileType = file.storyboard; name = Base; path = Base.lproj/LaunchScreen.storyboard; sourceTree = "<group>"; };
		31401BAA1CED88DE00581303 /* Info.plist */ = {isa = PBXFileReference; lastKnownFileType = text.plist.xml; path = Info.plist; sourceTree = "<group>"; };
		31401BB31CED8C0800581303 /* Words.swift */ = {isa = PBXFileReference; fileEncoding = 4; lastKnownFileType = sourcecode.swift; path = Words.swift; sourceTree = "<group>"; };
		31401BB51CED981500581303 /* DetailViewController.swift */ = {isa = PBXFileReference; fileEncoding = 4; lastKnownFileType = sourcecode.swift; path = DetailViewController.swift; sourceTree = "<group>"; };
		31401BB81CED9C1B00581303 /* DimmingPresentationController.swift */ = {isa = PBXFileReference; fileEncoding = 4; lastKnownFileType = sourcecode.swift; path = DimmingPresentationController.swift; sourceTree = "<group>"; };
		31401BB91CED9C1B00581303 /* BounceAnimationController.swift */ = {isa = PBXFileReference; fileEncoding = 4; lastKnownFileType = sourcecode.swift; path = BounceAnimationController.swift; sourceTree = "<group>"; };
		31401BBA1CED9C1B00581303 /* FadeOutAnimationController.swift */ = {isa = PBXFileReference; fileEncoding = 4; lastKnownFileType = sourcecode.swift; path = FadeOutAnimationController.swift; sourceTree = "<group>"; };
		31401BBB1CED9C1B00581303 /* SildeOutAnimationController.swift */ = {isa = PBXFileReference; fileEncoding = 4; lastKnownFileType = sourcecode.swift; path = SildeOutAnimationController.swift; sourceTree = "<group>"; };
		31401BC01CED9C4400581303 /* Global.swift */ = {isa = PBXFileReference; fileEncoding = 4; lastKnownFileType = sourcecode.swift; path = Global.swift; sourceTree = "<group>"; };
		31401BC31CED9E6900581303 /* UIColor+.swift */ = {isa = PBXFileReference; fileEncoding = 4; lastKnownFileType = sourcecode.swift; path = "UIColor+.swift"; sourceTree = "<group>"; };
		31401BC51CEDA87100581303 /* ColorfulWords.swift */ = {isa = PBXFileReference; fileEncoding = 4; lastKnownFileType = sourcecode.swift; path = ColorfulWords.swift; sourceTree = "<group>"; };
		3187887C1CF14184007CDC40 /* Enum_A.swift */ = {isa = PBXFileReference; fileEncoding = 4; lastKnownFileType = sourcecode.swift; path = Enum_A.swift; sourceTree = "<group>"; };
		3187887E1CF14503007CDC40 /* Enum_B.swift */ = {isa = PBXFileReference; fileEncoding = 4; lastKnownFileType = sourcecode.swift; path = Enum_B.swift; sourceTree = "<group>"; };
		318788801CF14526007CDC40 /* Enum_C.swift */ = {isa = PBXFileReference; fileEncoding = 4; lastKnownFileType = sourcecode.swift; path = Enum_C.swift; sourceTree = "<group>"; };
		318788821CF14545007CDC40 /* Enum_D.swift */ = {isa = PBXFileReference; fileEncoding = 4; lastKnownFileType = sourcecode.swift; path = Enum_D.swift; sourceTree = "<group>"; };
		318788841CF14551007CDC40 /* Enum_E.swift */ = {isa = PBXFileReference; fileEncoding = 4; lastKnownFileType = sourcecode.swift; path = Enum_E.swift; sourceTree = "<group>"; };
		318788861CF1455D007CDC40 /* Enum_F.swift */ = {isa = PBXFileReference; fileEncoding = 4; lastKnownFileType = sourcecode.swift; path = Enum_F.swift; sourceTree = "<group>"; };
		318788881CF14567007CDC40 /* Enum_G.swift */ = {isa = PBXFileReference; fileEncoding = 4; lastKnownFileType = sourcecode.swift; path = Enum_G.swift; sourceTree = "<group>"; };
		3187888A1CF14571007CDC40 /* Enum_H.swift */ = {isa = PBXFileReference; fileEncoding = 4; lastKnownFileType = sourcecode.swift; path = Enum_H.swift; sourceTree = "<group>"; };
		3187888C1CF1457D007CDC40 /* Enum_I.swift */ = {isa = PBXFileReference; fileEncoding = 4; lastKnownFileType = sourcecode.swift; path = Enum_I.swift; sourceTree = "<group>"; };
		3187888E1CF14588007CDC40 /* Enum_J.swift */ = {isa = PBXFileReference; fileEncoding = 4; lastKnownFileType = sourcecode.swift; path = Enum_J.swift; sourceTree = "<group>"; };
		318788901CF14592007CDC40 /* Enum_K.swift */ = {isa = PBXFileReference; fileEncoding = 4; lastKnownFileType = sourcecode.swift; path = Enum_K.swift; sourceTree = "<group>"; };
		318788921CF1459D007CDC40 /* Enum_L.swift */ = {isa = PBXFileReference; fileEncoding = 4; lastKnownFileType = sourcecode.swift; path = Enum_L.swift; sourceTree = "<group>"; };
		318788941CF145A8007CDC40 /* Enum_M.swift */ = {isa = PBXFileReference; fileEncoding = 4; lastKnownFileType = sourcecode.swift; path = Enum_M.swift; sourceTree = "<group>"; };
		318788961CF145B2007CDC40 /* Enum_N.swift */ = {isa = PBXFileReference; fileEncoding = 4; lastKnownFileType = sourcecode.swift; path = Enum_N.swift; sourceTree = "<group>"; };
		318788981CF145BB007CDC40 /* Enum_O.swift */ = {isa = PBXFileReference; fileEncoding = 4; lastKnownFileType = sourcecode.swift; path = Enum_O.swift; sourceTree = "<group>"; };
		3187889A1CF145C5007CDC40 /* Enum_P.swift */ = {isa = PBXFileReference; fileEncoding = 4; lastKnownFileType = sourcecode.swift; path = Enum_P.swift; sourceTree = "<group>"; };
		3187889C1CF145CE007CDC40 /* Enum_Q.swift */ = {isa = PBXFileReference; fileEncoding = 4; lastKnownFileType = sourcecode.swift; path = Enum_Q.swift; sourceTree = "<group>"; };
		3187889E1CF145D8007CDC40 /* Enum_R.swift */ = {isa = PBXFileReference; fileEncoding = 4; lastKnownFileType = sourcecode.swift; path = Enum_R.swift; sourceTree = "<group>"; };
		318788A01CF145DE007CDC40 /* Enum_S.swift */ = {isa = PBXFileReference; fileEncoding = 4; lastKnownFileType = sourcecode.swift; path = Enum_S.swift; sourceTree = "<group>"; };
		318788A21CF145F3007CDC40 /* Enum_T.swift */ = {isa = PBXFileReference; fileEncoding = 4; lastKnownFileType = sourcecode.swift; path = Enum_T.swift; sourceTree = "<group>"; };
		318788A41CF14603007CDC40 /* Enum_U.swift */ = {isa = PBXFileReference; fileEncoding = 4; lastKnownFileType = sourcecode.swift; path = Enum_U.swift; sourceTree = "<group>"; };
		318788A61CF1460B007CDC40 /* Enum_V.swift */ = {isa = PBXFileReference; fileEncoding = 4; lastKnownFileType = sourcecode.swift; path = Enum_V.swift; sourceTree = "<group>"; };
		318788A81CF14613007CDC40 /* Enum_W.swift */ = {isa = PBXFileReference; fileEncoding = 4; lastKnownFileType = sourcecode.swift; path = Enum_W.swift; sourceTree = "<group>"; };
		318788AA1CF14631007CDC40 /* Enum_X.swift */ = {isa = PBXFileReference; fileEncoding = 4; lastKnownFileType = sourcecode.swift; path = Enum_X.swift; sourceTree = "<group>"; };
		318788AC1CF14644007CDC40 /* Enum_Y.swift */ = {isa = PBXFileReference; fileEncoding = 4; lastKnownFileType = sourcecode.swift; path = Enum_Y.swift; sourceTree = "<group>"; };
		318788AE1CF14653007CDC40 /* Enum_Z.swift */ = {isa = PBXFileReference; fileEncoding = 4; lastKnownFileType = sourcecode.swift; path = Enum_Z.swift; sourceTree = "<group>"; };
		318788B01CF176B7007CDC40 /* String+.swift */ = {isa = PBXFileReference; fileEncoding = 4; lastKnownFileType = sourcecode.swift; path = "String+.swift"; sourceTree = "<group>"; };
		31C6CB791CEEDC3300A9DE2B /* Menlo.ttc */ = {isa = PBXFileReference; lastKnownFileType = file; path = Menlo.ttc; sourceTree = "<group>"; };
		31C6CB7B1CEEDD4600A9DE2B /* UIFont+.swift */ = {isa = PBXFileReference; fileEncoding = 4; lastKnownFileType = sourcecode.swift; path = "UIFont+.swift"; sourceTree = "<group>"; };
		31C6CB7D1CEEE23200A9DE2B /* NavigationController.swift */ = {isa = PBXFileReference; fileEncoding = 4; lastKnownFileType = sourcecode.swift; path = NavigationController.swift; sourceTree = "<group>"; };
		31C6CB7F1CEEED5A00A9DE2B /* XYScrollView.swift */ = {isa = PBXFileReference; fileEncoding = 4; lastKnownFileType = sourcecode.swift; path = XYScrollView.swift; sourceTree = "<group>"; };
		31C6CB811CEEED9000A9DE2B /* DetailView.swift */ = {isa = PBXFileReference; fileEncoding = 4; lastKnownFileType = sourcecode.swift; path = DetailView.swift; sourceTree = "<group>"; };
		31C6CB831CEEFC3D00A9DE2B /* PointerView.swift */ = {isa = PBXFileReference; fileEncoding = 4; lastKnownFileType = sourcecode.swift; path = PointerView.swift; sourceTree = "<group>"; };
/* End PBXFileReference section */

/* Begin PBXFrameworksBuildPhase section */
		31401B981CED88DD00581303 /* Frameworks */ = {
			isa = PBXFrameworksBuildPhase;
			buildActionMask = 2147483647;
			files = (
			);
			runOnlyForDeploymentPostprocessing = 0;
		};
/* End PBXFrameworksBuildPhase section */

/* Begin PBXGroup section */
		31401B921CED88DD00581303 = {
			isa = PBXGroup;
			children = (
				31401B9D1CED88DE00581303 /* S0 */,
				31401B9C1CED88DD00581303 /* Products */,
			);
			sourceTree = "<group>";
		};
		31401B9C1CED88DD00581303 /* Products */ = {
			isa = PBXGroup;
			children = (
				31401B9B1CED88DD00581303 /* S0.app */,
			);
			name = Products;
			sourceTree = "<group>";
		};
		31401B9D1CED88DE00581303 /* S0 */ = {
			isa = PBXGroup;
			children = (
				31401B9E1CED88DE00581303 /* AppDelegate.swift */,
				31401BC01CED9C4400581303 /* Global.swift */,
				31C6CB7D1CEEE23200A9DE2B /* NavigationController.swift */,
				31401BA01CED88DE00581303 /* MainViewController.swift */,
				31401BB51CED981500581303 /* DetailViewController.swift */,
				31401BB71CED9BFE00581303 /* Presentation */,
				31401BB11CED8A7600581303 /* View */,
				31401BB21CED8A8100581303 /* Model */,
				31401BC21CED9E3E00581303 /* Extension */,
				31C6CB771CEEDBFD00A9DE2B /* Resources */,
				31401BB01CED8A3000581303 /* Supporting File */,
			);
			path = S0;
			sourceTree = "<group>";
		};
		31401BB01CED8A3000581303 /* Supporting File */ = {
			isa = PBXGroup;
			children = (
				31401BAA1CED88DE00581303 /* Info.plist */,
				31401BA71CED88DE00581303 /* LaunchScreen.storyboard */,
			);
			name = "Supporting File";
			sourceTree = "<group>";
		};
		31401BB11CED8A7600581303 /* View */ = {
			isa = PBXGroup;
			children = (
				31C6CB7F1CEEED5A00A9DE2B /* XYScrollView.swift */,
				31C6CB811CEEED9000A9DE2B /* DetailView.swift */,
				31C6CB831CEEFC3D00A9DE2B /* PointerView.swift */,
			);
			name = View;
			sourceTree = "<group>";
		};
		31401BB21CED8A8100581303 /* Model */ = {
			isa = PBXGroup;
			children = (
				31401BB31CED8C0800581303 /* Words.swift */,
				31401BC51CEDA87100581303 /* ColorfulWords.swift */,
				3187887B1CF1412F007CDC40 /* 26enum */,
			);
			name = Model;
			sourceTree = "<group>";
		};
		31401BB71CED9BFE00581303 /* Presentation */ = {
			isa = PBXGroup;
			children = (
				31401BB81CED9C1B00581303 /* DimmingPresentationController.swift */,
				31401BB91CED9C1B00581303 /* BounceAnimationController.swift */,
				31401BBA1CED9C1B00581303 /* FadeOutAnimationController.swift */,
				31401BBB1CED9C1B00581303 /* SildeOutAnimationController.swift */,
			);
			name = Presentation;
			sourceTree = "<group>";
		};
		31401BC21CED9E3E00581303 /* Extension */ = {
			isa = PBXGroup;
			children = (
				31401BC31CED9E6900581303 /* UIColor+.swift */,
				318788B01CF176B7007CDC40 /* String+.swift */,
				31C6CB7B1CEEDD4600A9DE2B /* UIFont+.swift */,
			);
			name = Extension;
			sourceTree = "<group>";
		};
		3187887B1CF1412F007CDC40 /* 26enum */ = {
			isa = PBXGroup;
			children = (
				3187887C1CF14184007CDC40 /* Enum_A.swift */,
				3187887E1CF14503007CDC40 /* Enum_B.swift */,
				318788801CF14526007CDC40 /* Enum_C.swift */,
				318788821CF14545007CDC40 /* Enum_D.swift */,
				318788841CF14551007CDC40 /* Enum_E.swift */,
				318788861CF1455D007CDC40 /* Enum_F.swift */,
				318788881CF14567007CDC40 /* Enum_G.swift */,
				3187888A1CF14571007CDC40 /* Enum_H.swift */,
				3187888C1CF1457D007CDC40 /* Enum_I.swift */,
				3187888E1CF14588007CDC40 /* Enum_J.swift */,
				318788901CF14592007CDC40 /* Enum_K.swift */,
				318788921CF1459D007CDC40 /* Enum_L.swift */,
				318788941CF145A8007CDC40 /* Enum_M.swift */,
				318788961CF145B2007CDC40 /* Enum_N.swift */,
				318788981CF145BB007CDC40 /* Enum_O.swift */,
				3187889A1CF145C5007CDC40 /* Enum_P.swift */,
				3187889C1CF145CE007CDC40 /* Enum_Q.swift */,
				3187889E1CF145D8007CDC40 /* Enum_R.swift */,
				318788A01CF145DE007CDC40 /* Enum_S.swift */,
				318788A21CF145F3007CDC40 /* Enum_T.swift */,
				318788A41CF14603007CDC40 /* Enum_U.swift */,
				318788A61CF1460B007CDC40 /* Enum_V.swift */,
				318788A81CF14613007CDC40 /* Enum_W.swift */,
				318788AA1CF14631007CDC40 /* Enum_X.swift */,
				318788AC1CF14644007CDC40 /* Enum_Y.swift */,
				318788AE1CF14653007CDC40 /* Enum_Z.swift */,
			);
			name = 26enum;
			sourceTree = "<group>";
		};
		31C6CB771CEEDBFD00A9DE2B /* Resources */ = {
			isa = PBXGroup;
			children = (
				31401BA51CED88DE00581303 /* Assets.xcassets */,
				31C6CB781CEEDC2000A9DE2B /* Font */,
			);
			name = Resources;
			sourceTree = "<group>";
		};
		31C6CB781CEEDC2000A9DE2B /* Font */ = {
			isa = PBXGroup;
			children = (
				31C6CB791CEEDC3300A9DE2B /* Menlo.ttc */,
			);
			name = Font;
			sourceTree = "<group>";
		};
/* End PBXGroup section */

/* Begin PBXNativeTarget section */
		31401B9A1CED88DD00581303 /* S0 */ = {
			isa = PBXNativeTarget;
			buildConfigurationList = 31401BAD1CED88DE00581303 /* Build configuration list for PBXNativeTarget "S0" */;
			buildPhases = (
				31401B971CED88DD00581303 /* Sources */,
				31401B981CED88DD00581303 /* Frameworks */,
				31401B991CED88DD00581303 /* Resources */,
			);
			buildRules = (
			);
			dependencies = (
			);
			name = S0;
			productName = S0;
			productReference = 31401B9B1CED88DD00581303 /* S0.app */;
			productType = "com.apple.product-type.application";
		};
/* End PBXNativeTarget section */

/* Begin PBXProject section */
		31401B931CED88DD00581303 /* Project object */ = {
			isa = PBXProject;
			attributes = {
				LastSwiftUpdateCheck = 0730;
				LastUpgradeCheck = 0730;
				ORGANIZATIONNAME = xiaoyao;
				TargetAttributes = {
					31401B9A1CED88DD00581303 = {
						CreatedOnToolsVersion = 7.3;
					};
				};
			};
			buildConfigurationList = 31401B961CED88DD00581303 /* Build configuration list for PBXProject "S0" */;
			compatibilityVersion = "Xcode 3.2";
			developmentRegion = English;
			hasScannedForEncodings = 0;
			knownRegions = (
				en,
				Base,
			);
			mainGroup = 31401B921CED88DD00581303;
			productRefGroup = 31401B9C1CED88DD00581303 /* Products */;
			projectDirPath = "";
			projectRoot = "";
			targets = (
				31401B9A1CED88DD00581303 /* S0 */,
			);
		};
/* End PBXProject section */

/* Begin PBXResourcesBuildPhase section */
		31401B991CED88DD00581303 /* Resources */ = {
			isa = PBXResourcesBuildPhase;
			buildActionMask = 2147483647;
			files = (
				31401BA91CED88DE00581303 /* LaunchScreen.storyboard in Resources */,
				31C6CB7A1CEEDC3300A9DE2B /* Menlo.ttc in Resources */,
				31401BA61CED88DE00581303 /* Assets.xcassets in Resources */,
			);
			runOnlyForDeploymentPostprocessing = 0;
		};
/* End PBXResourcesBuildPhase section */

/* Begin PBXSourcesBuildPhase section */
		31401B971CED88DD00581303 /* Sources */ = {
			isa = PBXSourcesBuildPhase;
			buildActionMask = 2147483647;
			files = (
				31C6CB7C1CEEDD4600A9DE2B /* UIFont+.swift in Sources */,
				318788B11CF176B7007CDC40 /* String+.swift in Sources */,
				31C6CB7E1CEEE23200A9DE2B /* NavigationController.swift in Sources */,
				31401BB41CED8C0800581303 /* Words.swift in Sources */,
				318788AB1CF14631007CDC40 /* Enum_X.swift in Sources */,
				318788831CF14545007CDC40 /* Enum_D.swift in Sources */,
				318788AF1CF14653007CDC40 /* Enum_Z.swift in Sources */,
				31401BBC1CED9C1B00581303 /* DimmingPresentationController.swift in Sources */,
				318788851CF14551007CDC40 /* Enum_E.swift in Sources */,
				31401BC61CEDA87100581303 /* ColorfulWords.swift in Sources */,
				3187887D1CF14184007CDC40 /* Enum_A.swift in Sources */,
				31401BBE1CED9C1B00581303 /* FadeOutAnimationController.swift in Sources */,
				318788871CF1455D007CDC40 /* Enum_F.swift in Sources */,
				31401BBF1CED9C1B00581303 /* SildeOutAnimationController.swift in Sources */,
				318788A91CF14613007CDC40 /* Enum_W.swift in Sources */,
				3187889B1CF145C5007CDC40 /* Enum_P.swift in Sources */,
				3187888F1CF14588007CDC40 /* Enum_J.swift in Sources */,
				3187888B1CF14571007CDC40 /* Enum_H.swift in Sources */,
				31401BA11CED88DE00581303 /* MainViewController.swift in Sources */,
				318788891CF14567007CDC40 /* Enum_G.swift in Sources */,
				318788811CF14526007CDC40 /* Enum_C.swift in Sources */,
				31C6CB841CEEFC3D00A9DE2B /* PointerView.swift in Sources */,
				31401B9F1CED88DE00581303 /* AppDelegate.swift in Sources */,
				318788A71CF1460B007CDC40 /* Enum_V.swift in Sources */,
				31401BBD1CED9C1B00581303 /* BounceAnimationController.swift in Sources */,
				3187889D1CF145CE007CDC40 /* Enum_Q.swift in Sources */,
				3187889F1CF145D8007CDC40 /* Enum_R.swift in Sources */,
				318788931CF1459D007CDC40 /* Enum_L.swift in Sources */,
				31401BB61CED981500581303 /* DetailViewController.swift in Sources */,
				318788AD1CF14644007CDC40 /* Enum_Y.swift in Sources */,
				31401BC11CED9C4400581303 /* Global.swift in Sources */,
				31C6CB801CEEED5A00A9DE2B /* XYScrollView.swift in Sources */,
				318788971CF145B2007CDC40 /* Enum_N.swift in Sources */,
				31C6CB821CEEED9000A9DE2B /* DetailView.swift in Sources */,
				31401BC41CED9E6900581303 /* UIColor+.swift in Sources */,
				3187888D1CF1457D007CDC40 /* Enum_I.swift in Sources */,
				318788A11CF145DE007CDC40 /* Enum_S.swift in Sources */,
				3187887F1CF14503007CDC40 /* Enum_B.swift in Sources */,
				318788A51CF14603007CDC40 /* Enum_U.swift in Sources */,
				318788951CF145A8007CDC40 /* Enum_M.swift in Sources */,
				318788911CF14592007CDC40 /* Enum_K.swift in Sources */,
				318788991CF145BB007CDC40 /* Enum_O.swift in Sources */,
				318788A31CF145F3007CDC40 /* Enum_T.swift in Sources */,
			);
			runOnlyForDeploymentPostprocessing = 0;
		};
/* End PBXSourcesBuildPhase section */

/* Begin PBXVariantGroup section */
		31401BA71CED88DE00581303 /* LaunchScreen.storyboard */ = {
			isa = PBXVariantGroup;
			children = (
				31401BA81CED88DE00581303 /* Base */,
			);
			name = LaunchScreen.storyboard;
			sourceTree = "<group>";
		};
/* End PBXVariantGroup section */

/* Begin XCBuildConfiguration section */
		31401BAB1CED88DE00581303 /* Debug */ = {
			isa = XCBuildConfiguration;
			buildSettings = {
				ALWAYS_SEARCH_USER_PATHS = NO;
				CLANG_ANALYZER_NONNULL = YES;
				CLANG_CXX_LANGUAGE_STANDARD = "gnu++0x";
				CLANG_CXX_LIBRARY = "libc++";
				CLANG_ENABLE_MODULES = YES;
				CLANG_ENABLE_OBJC_ARC = YES;
				CLANG_WARN_BOOL_CONVERSION = YES;
				CLANG_WARN_CONSTANT_CONVERSION = YES;
				CLANG_WARN_DIRECT_OBJC_ISA_USAGE = YES_ERROR;
				CLANG_WARN_EMPTY_BODY = YES;
				CLANG_WARN_ENUM_CONVERSION = YES;
				CLANG_WARN_INT_CONVERSION = YES;
				CLANG_WARN_OBJC_ROOT_CLASS = YES_ERROR;
				CLANG_WARN_UNREACHABLE_CODE = YES;
				CLANG_WARN__DUPLICATE_METHOD_MATCH = YES;
				"CODE_SIGN_IDENTITY[sdk=iphoneos*]" = "iPhone Developer";
				COPY_PHASE_STRIP = NO;
				DEBUG_INFORMATION_FORMAT = dwarf;
				ENABLE_STRICT_OBJC_MSGSEND = YES;
				ENABLE_TESTABILITY = YES;
				GCC_C_LANGUAGE_STANDARD = gnu99;
				GCC_DYNAMIC_NO_PIC = NO;
				GCC_NO_COMMON_BLOCKS = YES;
				GCC_OPTIMIZATION_LEVEL = 0;
				GCC_PREPROCESSOR_DEFINITIONS = (
					"DEBUG=1",
					"$(inherited)",
				);
				GCC_WARN_64_TO_32_BIT_CONVERSION = YES;
				GCC_WARN_ABOUT_RETURN_TYPE = YES_ERROR;
				GCC_WARN_UNDECLARED_SELECTOR = YES;
				GCC_WARN_UNINITIALIZED_AUTOS = YES_AGGRESSIVE;
				GCC_WARN_UNUSED_FUNCTION = YES;
				GCC_WARN_UNUSED_VARIABLE = YES;
				IPHONEOS_DEPLOYMENT_TARGET = 9.3;
				MTL_ENABLE_DEBUG_INFO = YES;
				ONLY_ACTIVE_ARCH = YES;
				SDKROOT = iphoneos;
				SWIFT_OPTIMIZATION_LEVEL = "-Onone";
			};
			name = Debug;
		};
		31401BAC1CED88DE00581303 /* Release */ = {
			isa = XCBuildConfiguration;
			buildSettings = {
				ALWAYS_SEARCH_USER_PATHS = NO;
				CLANG_ANALYZER_NONNULL = YES;
				CLANG_CXX_LANGUAGE_STANDARD = "gnu++0x";
				CLANG_CXX_LIBRARY = "libc++";
				CLANG_ENABLE_MODULES = YES;
				CLANG_ENABLE_OBJC_ARC = YES;
				CLANG_WARN_BOOL_CONVERSION = YES;
				CLANG_WARN_CONSTANT_CONVERSION = YES;
				CLANG_WARN_DIRECT_OBJC_ISA_USAGE = YES_ERROR;
				CLANG_WARN_EMPTY_BODY = YES;
				CLANG_WARN_ENUM_CONVERSION = YES;
				CLANG_WARN_INT_CONVERSION = YES;
				CLANG_WARN_OBJC_ROOT_CLASS = YES_ERROR;
				CLANG_WARN_UNREACHABLE_CODE = YES;
				CLANG_WARN__DUPLICATE_METHOD_MATCH = YES;
				"CODE_SIGN_IDENTITY[sdk=iphoneos*]" = "iPhone Developer";
				COPY_PHASE_STRIP = NO;
				DEBUG_INFORMATION_FORMAT = "dwarf-with-dsym";
				ENABLE_NS_ASSERTIONS = NO;
				ENABLE_STRICT_OBJC_MSGSEND = YES;
				GCC_C_LANGUAGE_STANDARD = gnu99;
				GCC_NO_COMMON_BLOCKS = YES;
				GCC_WARN_64_TO_32_BIT_CONVERSION = YES;
				GCC_WARN_ABOUT_RETURN_TYPE = YES_ERROR;
				GCC_WARN_UNDECLARED_SELECTOR = YES;
				GCC_WARN_UNINITIALIZED_AUTOS = YES_AGGRESSIVE;
				GCC_WARN_UNUSED_FUNCTION = YES;
				GCC_WARN_UNUSED_VARIABLE = YES;
				IPHONEOS_DEPLOYMENT_TARGET = 9.3;
				MTL_ENABLE_DEBUG_INFO = NO;
				SDKROOT = iphoneos;
				VALIDATE_PRODUCT = YES;
			};
			name = Release;
		};
		31401BAE1CED88DE00581303 /* Debug */ = {
			isa = XCBuildConfiguration;
			buildSettings = {
				ASSETCATALOG_COMPILER_APPICON_NAME = AppIcon;
				INFOPLIST_FILE = S0/Info.plist;
				IPHONEOS_DEPLOYMENT_TARGET = 9.0;
				LD_RUNPATH_SEARCH_PATHS = "$(inherited) @executable_path/Frameworks";
				PRODUCT_BUNDLE_IDENTIFIER = myname.com.S0;
				PRODUCT_NAME = "$(TARGET_NAME)";
			};
			name = Debug;
		};
		31401BAF1CED88DE00581303 /* Release */ = {
			isa = XCBuildConfiguration;
			buildSettings = {
				ASSETCATALOG_COMPILER_APPICON_NAME = AppIcon;
				INFOPLIST_FILE = S0/Info.plist;
				IPHONEOS_DEPLOYMENT_TARGET = 9.0;
				LD_RUNPATH_SEARCH_PATHS = "$(inherited) @executable_path/Frameworks";
				PRODUCT_BUNDLE_IDENTIFIER = myname.com.S0;
				PRODUCT_NAME = "$(TARGET_NAME)";
			};
			name = Release;
		};
/* End XCBuildConfiguration section */

/* Begin XCConfigurationList section */
		31401B961CED88DD00581303 /* Build configuration list for PBXProject "S0" */ = {
			isa = XCConfigurationList;
			buildConfigurations = (
				31401BAB1CED88DE00581303 /* Debug */,
				31401BAC1CED88DE00581303 /* Release */,
			);
			defaultConfigurationIsVisible = 0;
			defaultConfigurationName = Release;
		};
		31401BAD1CED88DE00581303 /* Build configuration list for PBXNativeTarget "S0" */ = {
			isa = XCConfigurationList;
			buildConfigurations = (
				31401BAE1CED88DE00581303 /* Debug */,
				31401BAF1CED88DE00581303 /* Release */,
			);
			defaultConfigurationIsVisible = 0;
			defaultConfigurationName = Release;
		};
/* End XCConfigurationList section */
	};
	rootObject = 31401B931CED88DD00581303 /* Project object */;
}
